
Microsoft Visual Studio Solution File, Format Version 12.00
# Visual Studio Version 16
VisualStudioVersion = 16.0.31613.86
MinimumVisualStudioVersion = 10.0.40219.1
Project("{FAE04EC0-301F-11D3-BF4B-00C04F79EFBC}") = "Winforms Calculator 9", "Winforms Calculator 9.csproj", "{D78942C9-4A5E-488F-B106-89B593E370B3}"
EndProject
Global
	GlobalSection(SolutionConfigurationPlatforms) = preSolution
		Debug|Any CPU = Debug|Any CPU
		Release|Any CPU = Release|Any CPU
	EndGlobalSection
	GlobalSection(ProjectConfigurationPlatforms) = postSolution
		{D78942C9-4A5E-488F-B106-89B593E370B3}.Debug|Any CPU.ActiveCfg = Debug|Any CPU
		{D78942C9-4A5E-488F-B106-89B593E370B3}.Debug|Any CPU.Build.0 = Debug|Any CPU
		{D78942C9-4A5E-488F-B106-89B593E370B3}.Release|Any CPU.ActiveCfg = Release|Any CPU
		{D78942C9-4A5E-488F-B106-89B593E370B3}.Release|Any CPU.Build.0 = Release|Any CPU
	EndGlobalSection
	GlobalSection(SolutionProperties) = preSolution
		HideSolutionNode = FALSE
	EndGlobalSection
	GlobalSection(ExtensibilityGlobals) = postSolution
		SolutionGuid = {4D770737-BFFC-46AF-B716-E9553F117B4B}
	EndGlobalSection
EndGlobal
