
Microsoft Visual Studio Solution File, Format Version 12.00
# Visual Studio Version 16
VisualStudioVersion = 16.0.31613.86
MinimumVisualStudioVersion = 10.0.40219.1
Project("{FAE04EC0-301F-11D3-BF4B-00C04F79EFBC}") = "File Manager", "File Manager.csproj", "{9973F4E3-3419-48CB-81A9-FC1E6AA33144}"
EndProject
Global
	GlobalSection(SolutionConfigurationPlatforms) = preSolution
		Debug|Any CPU = Debug|Any CPU
		Release|Any CPU = Release|Any CPU
	EndGlobalSection
	GlobalSection(ProjectConfigurationPlatforms) = postSolution
		{9973F4E3-3419-48CB-81A9-FC1E6AA33144}.Debug|Any CPU.ActiveCfg = Debug|Any CPU
		{9973F4E3-3419-48CB-81A9-FC1E6AA33144}.Debug|Any CPU.Build.0 = Debug|Any CPU
		{9973F4E3-3419-48CB-81A9-FC1E6AA33144}.Release|Any CPU.ActiveCfg = Release|Any CPU
		{9973F4E3-3419-48CB-81A9-FC1E6AA33144}.Release|Any CPU.Build.0 = Release|Any CPU
	EndGlobalSection
	GlobalSection(SolutionProperties) = preSolution
		HideSolutionNode = FALSE
	EndGlobalSection
	GlobalSection(ExtensibilityGlobals) = postSolution
		SolutionGuid = {CBC4D5DD-2853-4F9D-89CF-C806F2DD0694}
	EndGlobalSection
EndGlobal
