
Microsoft Visual Studio Solution File, Format Version 12.00
# Visual Studio Version 16
VisualStudioVersion = 16.0.31613.86
MinimumVisualStudioVersion = 10.0.40219.1
Project("{FAE04EC0-301F-11D3-BF4B-00C04F79EFBC}") = "ConsoleApp1", "ConsoleApp1\ConsoleApp1.csproj", "{ED85B401-4771-4732-A595-98AC9689A7C4}"
EndProject
Global
	GlobalSection(SolutionConfigurationPlatforms) = preSolution
		Debug|Any CPU = Debug|Any CPU
		Release|Any CPU = Release|Any CPU
	EndGlobalSection
	GlobalSection(ProjectConfigurationPlatforms) = postSolution
		{ED85B401-4771-4732-A595-98AC9689A7C4}.Debug|Any CPU.ActiveCfg = Debug|Any CPU
		{ED85B401-4771-4732-A595-98AC9689A7C4}.Debug|Any CPU.Build.0 = Debug|Any CPU
		{ED85B401-4771-4732-A595-98AC9689A7C4}.Release|Any CPU.ActiveCfg = Release|Any CPU
		{ED85B401-4771-4732-A595-98AC9689A7C4}.Release|Any CPU.Build.0 = Release|Any CPU
	EndGlobalSection
	GlobalSection(SolutionProperties) = preSolution
		HideSolutionNode = FALSE
	EndGlobalSection
	GlobalSection(ExtensibilityGlobals) = postSolution
		SolutionGuid = {CA418B74-048F-475F-8B97-85265AA06A6F}
	EndGlobalSection
EndGlobal
