
Microsoft Visual Studio Solution File, Format Version 12.00
# Visual Studio Version 16
VisualStudioVersion = 16.0.31613.86
MinimumVisualStudioVersion = 10.0.40219.1
Project("{FAE04EC0-301F-11D3-BF4B-00C04F79EFBC}") = "ConsoleApp6", "ConsoleApp6.csproj", "{2AA663C5-8CAB-45E9-8E4D-65BC5D9FF40E}"
EndProject
Global
	GlobalSection(SolutionConfigurationPlatforms) = preSolution
		Debug|Any CPU = Debug|Any CPU
		Release|Any CPU = Release|Any CPU
	EndGlobalSection
	GlobalSection(ProjectConfigurationPlatforms) = postSolution
		{2AA663C5-8CAB-45E9-8E4D-65BC5D9FF40E}.Debug|Any CPU.ActiveCfg = Debug|Any CPU
		{2AA663C5-8CAB-45E9-8E4D-65BC5D9FF40E}.Debug|Any CPU.Build.0 = Debug|Any CPU
		{2AA663C5-8CAB-45E9-8E4D-65BC5D9FF40E}.Release|Any CPU.ActiveCfg = Release|Any CPU
		{2AA663C5-8CAB-45E9-8E4D-65BC5D9FF40E}.Release|Any CPU.Build.0 = Release|Any CPU
	EndGlobalSection
	GlobalSection(SolutionProperties) = preSolution
		HideSolutionNode = FALSE
	EndGlobalSection
	GlobalSection(ExtensibilityGlobals) = postSolution
		SolutionGuid = {068CCF40-6859-4FFB-BC60-7AC4709F5B78}
	EndGlobalSection
EndGlobal
