
Microsoft Visual Studio Solution File, Format Version 12.00
# Visual Studio Version 16
VisualStudioVersion = 16.0.31613.86
MinimumVisualStudioVersion = 10.0.40219.1
Project("{FAE04EC0-301F-11D3-BF4B-00C04F79EFBC}") = "Winforms Tic Tac Toe 6", "Winforms Tic Tac Toe 6.csproj", "{11AEEC7C-6ECB-4A00-B560-E932220FA97A}"
EndProject
Global
	GlobalSection(SolutionConfigurationPlatforms) = preSolution
		Debug|Any CPU = Debug|Any CPU
		Release|Any CPU = Release|Any CPU
	EndGlobalSection
	GlobalSection(ProjectConfigurationPlatforms) = postSolution
		{11AEEC7C-6ECB-4A00-B560-E932220FA97A}.Debug|Any CPU.ActiveCfg = Debug|Any CPU
		{11AEEC7C-6ECB-4A00-B560-E932220FA97A}.Debug|Any CPU.Build.0 = Debug|Any CPU
		{11AEEC7C-6ECB-4A00-B560-E932220FA97A}.Release|Any CPU.ActiveCfg = Release|Any CPU
		{11AEEC7C-6ECB-4A00-B560-E932220FA97A}.Release|Any CPU.Build.0 = Release|Any CPU
	EndGlobalSection
	GlobalSection(SolutionProperties) = preSolution
		HideSolutionNode = FALSE
	EndGlobalSection
	GlobalSection(ExtensibilityGlobals) = postSolution
		SolutionGuid = {32FD9254-ACDE-4A87-9986-620F50129F26}
	EndGlobalSection
EndGlobal
