
Microsoft Visual Studio Solution File, Format Version 12.00
# Visual Studio Version 16
VisualStudioVersion = 16.0.31613.86
MinimumVisualStudioVersion = 10.0.40219.1
Project("{FAE04EC0-301F-11D3-BF4B-00C04F79EFBC}") = "WinForms Performance 5T", "WinForms Performance 5T.csproj", "{77944ABE-6118-4E79-AA6D-EE2DE4D766A4}"
EndProject
Global
	GlobalSection(SolutionConfigurationPlatforms) = preSolution
		Debug|Any CPU = Debug|Any CPU
		Release|Any CPU = Release|Any CPU
	EndGlobalSection
	GlobalSection(ProjectConfigurationPlatforms) = postSolution
		{77944ABE-6118-4E79-AA6D-EE2DE4D766A4}.Debug|Any CPU.ActiveCfg = Debug|Any CPU
		{77944ABE-6118-4E79-AA6D-EE2DE4D766A4}.Debug|Any CPU.Build.0 = Debug|Any CPU
		{77944ABE-6118-4E79-AA6D-EE2DE4D766A4}.Release|Any CPU.ActiveCfg = Release|Any CPU
		{77944ABE-6118-4E79-AA6D-EE2DE4D766A4}.Release|Any CPU.Build.0 = Release|Any CPU
	EndGlobalSection
	GlobalSection(SolutionProperties) = preSolution
		HideSolutionNode = FALSE
	EndGlobalSection
	GlobalSection(ExtensibilityGlobals) = postSolution
		SolutionGuid = {98CF4BFE-9853-402D-95A2-9C2866EAD51E}
	EndGlobalSection
EndGlobal
